
Microsoft Visual Studio Solution File, Format Version 12.00
# Visual Studio Version 17
VisualStudioVersion = 17.2.32616.157
MinimumVisualStudioVersion = 10.0.40219.1
Project("{9A19103F-16F7-4668-BE54-9A1E7A4F7556}") = "Unit Testing Lesson Seven", "Unit Testing Lesson Seven\Unit Testing Lesson Seven.csproj", "{4F1A5861-E004-4CCF-AA3B-9AD1B6C89151}"
EndProject
Project("{9A19103F-16F7-4668-BE54-9A1E7A4F7556}") = "MathCucc", "MathFunction\MathCucc.csproj", "{00DBFFED-BD3C-46D8-8EDB-78EB46DB88F6}"
EndProject
Project("{9A19103F-16F7-4668-BE54-9A1E7A4F7556}") = "Tester", "Tester\Tester.csproj", "{EBECC732-57CB-4242-99D3-0FA21ED850D5}"
EndProject
Project("{2150E333-8FDC-42A3-9474-1A3956D46DE8}") = "Solution Items", "Solution Items", "{CD5E48C2-36E6-430E-AAC4-9EF9016AF903}"
	ProjectSection(SolutionItems) = preProject
		..\..\..\Downloads\modul07.pdf = ..\..\..\Downloads\modul07.pdf
	EndProjectSection
EndProject
Global
	GlobalSection(SolutionConfigurationPlatforms) = preSolution
		Debug|Any CPU = Debug|Any CPU
		Release|Any CPU = Release|Any CPU
	EndGlobalSection
	GlobalSection(ProjectConfigurationPlatforms) = postSolution
		{4F1A5861-E004-4CCF-AA3B-9AD1B6C89151}.Debug|Any CPU.ActiveCfg = Debug|Any CPU
		{4F1A5861-E004-4CCF-AA3B-9AD1B6C89151}.Debug|Any CPU.Build.0 = Debug|Any CPU
		{4F1A5861-E004-4CCF-AA3B-9AD1B6C89151}.Release|Any CPU.ActiveCfg = Release|Any CPU
		{4F1A5861-E004-4CCF-AA3B-9AD1B6C89151}.Release|Any CPU.Build.0 = Release|Any CPU
		{00DBFFED-BD3C-46D8-8EDB-78EB46DB88F6}.Debug|Any CPU.ActiveCfg = Debug|Any CPU
		{00DBFFED-BD3C-46D8-8EDB-78EB46DB88F6}.Debug|Any CPU.Build.0 = Debug|Any CPU
		{00DBFFED-BD3C-46D8-8EDB-78EB46DB88F6}.Release|Any CPU.ActiveCfg = Release|Any CPU
		{00DBFFED-BD3C-46D8-8EDB-78EB46DB88F6}.Release|Any CPU.Build.0 = Release|Any CPU
		{EBECC732-57CB-4242-99D3-0FA21ED850D5}.Debug|Any CPU.ActiveCfg = Debug|Any CPU
		{EBECC732-57CB-4242-99D3-0FA21ED850D5}.Debug|Any CPU.Build.0 = Debug|Any CPU
		{EBECC732-57CB-4242-99D3-0FA21ED850D5}.Release|Any CPU.ActiveCfg = Release|Any CPU
		{EBECC732-57CB-4242-99D3-0FA21ED850D5}.Release|Any CPU.Build.0 = Release|Any CPU
	EndGlobalSection
	GlobalSection(SolutionProperties) = preSolution
		HideSolutionNode = FALSE
	EndGlobalSection
	GlobalSection(ExtensibilityGlobals) = postSolution
		SolutionGuid = {CB83560E-6A4C-41CD-A0F7-3A8B42F3A0DA}
	EndGlobalSection
EndGlobal
